
Microsoft Visual Studio Solution File, Format Version 12.00
# Visual Studio Version 17
VisualStudioVersion = 17.8.34511.84
MinimumVisualStudioVersion = 10.0.40219.1
Project("{FAE04EC0-301F-11D3-BF4B-00C04F79EFBC}") = "talk2Server", "talk2Server.csproj", "{E1C125A8-A111-4EB9-8E47-AF56ED00C19F}"
EndProject
Project("{9A19103F-16F7-4668-BE54-9A1E7A4F7556}") = "talkLib", "..\talkLib\talkLib.csproj", "{4F541018-8370-4797-BD31-1F46A04689D6}"
EndProject
Global
	GlobalSection(SolutionConfigurationPlatforms) = preSolution
		Debug|Any CPU = Debug|Any CPU
		Release|Any CPU = Release|Any CPU
	EndGlobalSection
	GlobalSection(ProjectConfigurationPlatforms) = postSolution
		{E1C125A8-A111-4EB9-8E47-AF56ED00C19F}.Debug|Any CPU.ActiveCfg = Debug|Any CPU
		{E1C125A8-A111-4EB9-8E47-AF56ED00C19F}.Debug|Any CPU.Build.0 = Debug|Any CPU
		{E1C125A8-A111-4EB9-8E47-AF56ED00C19F}.Release|Any CPU.ActiveCfg = Release|Any CPU
		{E1C125A8-A111-4EB9-8E47-AF56ED00C19F}.Release|Any CPU.Build.0 = Release|Any CPU
		{4F541018-8370-4797-BD31-1F46A04689D6}.Debug|Any CPU.ActiveCfg = Debug|Any CPU
		{4F541018-8370-4797-BD31-1F46A04689D6}.Debug|Any CPU.Build.0 = Debug|Any CPU
		{4F541018-8370-4797-BD31-1F46A04689D6}.Release|Any CPU.ActiveCfg = Release|Any CPU
		{4F541018-8370-4797-BD31-1F46A04689D6}.Release|Any CPU.Build.0 = Release|Any CPU
	EndGlobalSection
	GlobalSection(SolutionProperties) = preSolution
		HideSolutionNode = FALSE
	EndGlobalSection
	GlobalSection(ExtensibilityGlobals) = postSolution
		SolutionGuid = {09575139-A854-4C18-B8CD-5747230A192D}
	EndGlobalSection
EndGlobal
